
Microsoft Visual Studio Solution File, Format Version 12.00
# Visual Studio Version 17
VisualStudioVersion = 17.11.35327.3
MinimumVisualStudioVersion = 10.0.40219.1
Project("{9A19103F-16F7-4668-BE54-9A1E7A4F7556}") = "LB", "LB.csproj", "{8305F3DF-E107-4C16-A238-FDB53146C52B}"
EndProject
Project("{9A19103F-16F7-4668-BE54-9A1E7A4F7556}") = "TodoEntities", "..\TodoEntities\TodoEntities.csproj", "{C966E98B-A8FB-48AC-843A-11F3F25AF6F5}"
EndProject
Project("{9A19103F-16F7-4668-BE54-9A1E7A4F7556}") = "taskLibrary", "..\taskLibrary\taskLibrary.csproj", "{3DE39224-3F0C-40EC-B257-478F9F2ABF4F}"
EndProject
Global
	GlobalSection(SolutionConfigurationPlatforms) = preSolution
		Debug|Any CPU = Debug|Any CPU
		Release|Any CPU = Release|Any CPU
	EndGlobalSection
	GlobalSection(ProjectConfigurationPlatforms) = postSolution
		{8305F3DF-E107-4C16-A238-FDB53146C52B}.Debug|Any CPU.ActiveCfg = Debug|Any CPU
		{8305F3DF-E107-4C16-A238-FDB53146C52B}.Debug|Any CPU.Build.0 = Debug|Any CPU
		{8305F3DF-E107-4C16-A238-FDB53146C52B}.Release|Any CPU.ActiveCfg = Release|Any CPU
		{8305F3DF-E107-4C16-A238-FDB53146C52B}.Release|Any CPU.Build.0 = Release|Any CPU
		{C966E98B-A8FB-48AC-843A-11F3F25AF6F5}.Debug|Any CPU.ActiveCfg = Debug|Any CPU
		{C966E98B-A8FB-48AC-843A-11F3F25AF6F5}.Debug|Any CPU.Build.0 = Debug|Any CPU
		{C966E98B-A8FB-48AC-843A-11F3F25AF6F5}.Release|Any CPU.ActiveCfg = Release|Any CPU
		{C966E98B-A8FB-48AC-843A-11F3F25AF6F5}.Release|Any CPU.Build.0 = Release|Any CPU
		{3DE39224-3F0C-40EC-B257-478F9F2ABF4F}.Debug|Any CPU.ActiveCfg = Debug|Any CPU
		{3DE39224-3F0C-40EC-B257-478F9F2ABF4F}.Debug|Any CPU.Build.0 = Debug|Any CPU
		{3DE39224-3F0C-40EC-B257-478F9F2ABF4F}.Release|Any CPU.ActiveCfg = Release|Any CPU
		{3DE39224-3F0C-40EC-B257-478F9F2ABF4F}.Release|Any CPU.Build.0 = Release|Any CPU
	EndGlobalSection
	GlobalSection(SolutionProperties) = preSolution
		HideSolutionNode = FALSE
	EndGlobalSection
	GlobalSection(ExtensibilityGlobals) = postSolution
		SolutionGuid = {24A2E2D5-1C32-4975-8D9C-804FE65C5907}
	EndGlobalSection
EndGlobal
